// !$*UTF8*$!
{
	archiveVersion = 1;
	classes = {
	};
	objectVersion = 50;
	objects = {

/* Begin PBXBuildFile section */
		8433490923BE2B24006BD097 /* AppDelegate.swift in Sources */ = {isa = PBXBuildFile; fileRef = 8433490823BE2B24006BD097 /* AppDelegate.swift */; };
		8433490B23BE2B24006BD097 /* SceneDelegate.swift in Sources */ = {isa = PBXBuildFile; fileRef = 8433490A23BE2B24006BD097 /* SceneDelegate.swift */; };
		8433490D23BE2B24006BD097 /* ViewController.swift in Sources */ = {isa = PBXBuildFile; fileRef = 8433490C23BE2B24006BD097 /* ViewController.swift */; };
		8433491023BE2B24006BD097 /* Main.storyboard in Resources */ = {isa = PBXBuildFile; fileRef = 8433490E23BE2B24006BD097 /* Main.storyboard */; };
		8433491223BE2B27006BD097 /* Assets.xcassets in Resources */ = {isa = PBXBuildFile; fileRef = 8433491123BE2B27006BD097 /* Assets.xcassets */; };
		8433491523BE2B27006BD097 /* LaunchScreen.storyboard in Resources */ = {isa = PBXBuildFile; fileRef = 8433491323BE2B27006BD097 /* LaunchScreen.storyboard */; };
		8433492023BE2B27006BD097 /* TravelMeTests.swift in Sources */ = {isa = PBXBuildFile; fileRef = 8433491F23BE2B27006BD097 /* TravelMeTests.swift */; };
		8433492B23BE2B27006BD097 /* TravelMeUITests.swift in Sources */ = {isa = PBXBuildFile; fileRef = 8433492A23BE2B27006BD097 /* TravelMeUITests.swift */; };
/* End PBXBuildFile section */

/* Begin PBXContainerItemProxy section */
		8433491C23BE2B27006BD097 /* PBXContainerItemProxy */ = {
			isa = PBXContainerItemProxy;
			containerPortal = 843348FD23BE2B24006BD097 /* Project object */;
			proxyType = 1;
			remoteGlobalIDString = 8433490423BE2B24006BD097;
			remoteInfo = TravelMe;
		};
		8433492723BE2B27006BD097 /* PBXContainerItemProxy */ = {
			isa = PBXContainerItemProxy;
			containerPortal = 843348FD23BE2B24006BD097 /* Project object */;
			proxyType = 1;
			remoteGlobalIDString = 8433490423BE2B24006BD097;
			remoteInfo = TravelMe;
		};
/* End PBXContainerItemProxy section */

/* Begin PBXFileReference section */
		8433490523BE2B24006BD097 /* TravelMe.app */ = {isa = PBXFileReference; explicitFileType = wrapper.application; includeInIndex = 0; path = TravelMe.app; sourceTree = BUILT_PRODUCTS_DIR; };
		8433490823BE2B24006BD097 /* AppDelegate.swift */ = {isa = PBXFileReference; lastKnownFileType = sourcecode.swift; path = AppDelegate.swift; sourceTree = "<group>"; };
		8433490A23BE2B24006BD097 /* SceneDelegate.swift */ = {isa = PBXFileReference; lastKnownFileType = sourcecode.swift; path = SceneDelegate.swift; sourceTree = "<group>"; };
		8433490C23BE2B24006BD097 /* ViewController.swift */ = {isa = PBXFileReference; lastKnownFileType = sourcecode.swift; path = ViewController.swift; sourceTree = "<group>"; };
		8433490F23BE2B24006BD097 /* Base */ = {isa = PBXFileReference; lastKnownFileType = file.storyboard; name = Base; path = Base.lproj/Main.storyboard; sourceTree = "<group>"; };
		8433491123BE2B27006BD097 /* Assets.xcassets */ = {isa = PBXFileReference; lastKnownFileType = folder.assetcatalog; path = Assets.xcassets; sourceTree = "<group>"; };
		8433491423BE2B27006BD097 /* Base */ = {isa = PBXFileReference; lastKnownFileType = file.storyboard; name = Base; path = Base.lproj/LaunchScreen.storyboard; sourceTree = "<group>"; };
		8433491623BE2B27006BD097 /* Info.plist */ = {isa = PBXFileReference; lastKnownFileType = text.plist.xml; path = Info.plist; sourceTree = "<group>"; };
		8433491B23BE2B27006BD097 /* TravelMeTests.xctest */ = {isa = PBXFileReference; explicitFileType = wrapper.cfbundle; includeInIndex = 0; path = TravelMeTests.xctest; sourceTree = BUILT_PRODUCTS_DIR; };
		8433491F23BE2B27006BD097 /* TravelMeTests.swift */ = {isa = PBXFileReference; lastKnownFileType = sourcecode.swift; path = TravelMeTests.swift; sourceTree = "<group>"; };
		8433492123BE2B27006BD097 /* Info.plist */ = {isa = PBXFileReference; lastKnownFileType = text.plist.xml; path = Info.plist; sourceTree = "<group>"; };
		8433492623BE2B27006BD097 /* TravelMeUITests.xctest */ = {isa = PBXFileReference; explicitFileType = wrapper.cfbundle; includeInIndex = 0; path = TravelMeUITests.xctest; sourceTree = BUILT_PRODUCTS_DIR; };
		8433492A23BE2B27006BD097 /* TravelMeUITests.swift */ = {isa = PBXFileReference; lastKnownFileType = sourcecode.swift; path = TravelMeUITests.swift; sourceTree = "<group>"; };
		8433492C23BE2B27006BD097 /* Info.plist */ = {isa = PBXFileReference; lastKnownFileType = text.plist.xml; path = Info.plist; sourceTree = "<group>"; };
/* End PBXFileReference section */

/* Begin PBXFrameworksBuildPhase section */
		8433490223BE2B24006BD097 /* Frameworks */ = {
			isa = PBXFrameworksBuildPhase;
			buildActionMask = 2147483647;
			files = (
			);
			runOnlyForDeploymentPostprocessing = 0;
		};
		8433491823BE2B27006BD097 /* Frameworks */ = {
			isa = PBXFrameworksBuildPhase;
			buildActionMask = 2147483647;
			files = (
			);
			runOnlyForDeploymentPostprocessing = 0;
		};
		8433492323BE2B27006BD097 /* Frameworks */ = {
			isa = PBXFrameworksBuildPhase;
			buildActionMask = 2147483647;
			files = (
			);
			runOnlyForDeploymentPostprocessing = 0;
		};
/* End PBXFrameworksBuildPhase section */

/* Begin PBXGroup section */
		843348FC23BE2B24006BD097 = {
			isa = PBXGroup;
			children = (
				8433490723BE2B24006BD097 /* TravelMe */,
				8433491E23BE2B27006BD097 /* TravelMeTests */,
				8433492923BE2B27006BD097 /* TravelMeUITests */,
				8433490623BE2B24006BD097 /* Products */,
			);
			sourceTree = "<group>";
		};
		8433490623BE2B24006BD097 /* Products */ = {
			isa = PBXGroup;
			children = (
				8433490523BE2B24006BD097 /* TravelMe.app */,
				8433491B23BE2B27006BD097 /* TravelMeTests.xctest */,
				8433492623BE2B27006BD097 /* TravelMeUITests.xctest */,
			);
			name = Products;
			sourceTree = "<group>";
		};
		8433490723BE2B24006BD097 /* TravelMe */ = {
			isa = PBXGroup;
			children = (
				8433490823BE2B24006BD097 /* AppDelegate.swift */,
				8433490A23BE2B24006BD097 /* SceneDelegate.swift */,
				8433490C23BE2B24006BD097 /* ViewController.swift */,
				8433490E23BE2B24006BD097 /* Main.storyboard */,
				8433491123BE2B27006BD097 /* Assets.xcassets */,
				8433491323BE2B27006BD097 /* LaunchScreen.storyboard */,
				8433491623BE2B27006BD097 /* Info.plist */,
			);
			path = TravelMe;
			sourceTree = "<group>";
		};
		8433491E23BE2B27006BD097 /* TravelMeTests */ = {
			isa = PBXGroup;
			children = (
				8433491F23BE2B27006BD097 /* TravelMeTests.swift */,
				8433492123BE2B27006BD097 /* Info.plist */,
			);
			path = TravelMeTests;
			sourceTree = "<group>";
		};
		8433492923BE2B27006BD097 /* TravelMeUITests */ = {
			isa = PBXGroup;
			children = (
				8433492A23BE2B27006BD097 /* TravelMeUITests.swift */,
				8433492C23BE2B27006BD097 /* Info.plist */,
			);
			path = TravelMeUITests;
			sourceTree = "<group>";
		};
/* End PBXGroup section */

/* Begin PBXNativeTarget section */
		8433490423BE2B24006BD097 /* TravelMe */ = {
			isa = PBXNativeTarget;
			buildConfigurationList = 8433492F23BE2B27006BD097 /* Build configuration list for PBXNativeTarget "TravelMe" */;
			buildPhases = (
				8433490123BE2B24006BD097 /* Sources */,
				8433490223BE2B24006BD097 /* Frameworks */,
				8433490323BE2B24006BD097 /* Resources */,
			);
			buildRules = (
			);
			dependencies = (
			);
			name = TravelMe;
			productName = TravelMe;
			productReference = 8433490523BE2B24006BD097 /* TravelMe.app */;
			productType = "com.apple.product-type.application";
		};
		8433491A23BE2B27006BD097 /* TravelMeTests */ = {
			isa = PBXNativeTarget;
			buildConfigurationList = 8433493223BE2B27006BD097 /* Build configuration list for PBXNativeTarget "TravelMeTests" */;
			buildPhases = (
				8433491723BE2B27006BD097 /* Sources */,
				8433491823BE2B27006BD097 /* Frameworks */,
				8433491923BE2B27006BD097 /* Resources */,
			);
			buildRules = (
			);
			dependencies = (
				8433491D23BE2B27006BD097 /* PBXTargetDependency */,
			);
			name = TravelMeTests;
			productName = TravelMeTests;
			productReference = 8433491B23BE2B27006BD097 /* TravelMeTests.xctest */;
			productType = "com.apple.product-type.bundle.unit-test";
		};
		8433492523BE2B27006BD097 /* TravelMeUITests */ = {
			isa = PBXNativeTarget;
			buildConfigurationList = 8433493523BE2B27006BD097 /* Build configuration list for PBXNativeTarget "TravelMeUITests" */;
			buildPhases = (
				8433492223BE2B27006BD097 /* Sources */,
				8433492323BE2B27006BD097 /* Frameworks */,
				8433492423BE2B27006BD097 /* Resources */,
			);
			buildRules = (
			);
			dependencies = (
				8433492823BE2B27006BD097 /* PBXTargetDependency */,
			);
			name = TravelMeUITests;
			productName = TravelMeUITests;
			productReference = 8433492623BE2B27006BD097 /* TravelMeUITests.xctest */;
			productType = "com.apple.product-type.bundle.ui-testing";
		};
/* End PBXNativeTarget section */

/* Begin PBXProject section */
		843348FD23BE2B24006BD097 /* Project object */ = {
			isa = PBXProject;
			attributes = {
				LastSwiftUpdateCheck = 1120;
				LastUpgradeCheck = 1120;
				ORGANIZATIONNAME = admin;
				TargetAttributes = {
					8433490423BE2B24006BD097 = {
						CreatedOnToolsVersion = 11.2;
					};
					8433491A23BE2B27006BD097 = {
						CreatedOnToolsVersion = 11.2;
						TestTargetID = 8433490423BE2B24006BD097;
					};
					8433492523BE2B27006BD097 = {
						CreatedOnToolsVersion = 11.2;
						TestTargetID = 8433490423BE2B24006BD097;
					};
				};
			};
			buildConfigurationList = 8433490023BE2B24006BD097 /* Build configuration list for PBXProject "TravelMe" */;
			compatibilityVersion = "Xcode 9.3";
			developmentRegion = en;
			hasScannedForEncodings = 0;
			knownRegions = (
				en,
				Base,
			);
			mainGroup = 843348FC23BE2B24006BD097;
			productRefGroup = 8433490623BE2B24006BD097 /* Products */;
			projectDirPath = "";
			projectRoot = "";
			targets = (
				8433490423BE2B24006BD097 /* TravelMe */,
				8433491A23BE2B27006BD097 /* TravelMeTests */,
				8433492523BE2B27006BD097 /* TravelMeUITests */,
			);
		};
/* End PBXProject section */

/* Begin PBXResourcesBuildPhase section */
		8433490323BE2B24006BD097 /* Resources */ = {
			isa = PBXResourcesBuildPhase;
			buildActionMask = 2147483647;
			files = (
				8433491523BE2B27006BD097 /* LaunchScreen.storyboard in Resources */,
				8433491223BE2B27006BD097 /* Assets.xcassets in Resources */,
				8433491023BE2B24006BD097 /* Main.storyboard in Resources */,
			);
			runOnlyForDeploymentPostprocessing = 0;
		};
		8433491923BE2B27006BD097 /* Resources */ = {
			isa = PBXResourcesBuildPhase;
			buildActionMask = 2147483647;
			files = (
			);
			runOnlyForDeploymentPostprocessing = 0;
		};
		8433492423BE2B27006BD097 /* Resources */ = {
			isa = PBXResourcesBuildPhase;
			buildActionMask = 2147483647;
			files = (
			);
			runOnlyForDeploymentPostprocessing = 0;
		};
/* End PBXResourcesBuildPhase section */

/* Begin PBXSourcesBuildPhase section */
		8433490123BE2B24006BD097 /* Sources */ = {
			isa = PBXSourcesBuildPhase;
			buildActionMask = 2147483647;
			files = (
				8433490D23BE2B24006BD097 /* ViewController.swift in Sources */,
				8433490923BE2B24006BD097 /* AppDelegate.swift in Sources */,
				8433490B23BE2B24006BD097 /* SceneDelegate.swift in Sources */,
			);
			runOnlyForDeploymentPostprocessing = 0;
		};
		8433491723BE2B27006BD097 /* Sources */ = {
			isa = PBXSourcesBuildPhase;
			buildActionMask = 2147483647;
			files = (
				8433492023BE2B27006BD097 /* TravelMeTests.swift in Sources */,
			);
			runOnlyForDeploymentPostprocessing = 0;
		};
		8433492223BE2B27006BD097 /* Sources */ = {
			isa = PBXSourcesBuildPhase;
			buildActionMask = 2147483647;
			files = (
				8433492B23BE2B27006BD097 /* TravelMeUITests.swift in Sources */,
			);
			runOnlyForDeploymentPostprocessing = 0;
		};
/* End PBXSourcesBuildPhase section */

/* Begin PBXTargetDependency section */
		8433491D23BE2B27006BD097 /* PBXTargetDependency */ = {
			isa = PBXTargetDependency;
			target = 8433490423BE2B24006BD097 /* TravelMe */;
			targetProxy = 8433491C23BE2B27006BD097 /* PBXContainerItemProxy */;
		};
		8433492823BE2B27006BD097 /* PBXTargetDependency */ = {
			isa = PBXTargetDependency;
			target = 8433490423BE2B24006BD097 /* TravelMe */;
			targetProxy = 8433492723BE2B27006BD097 /* PBXContainerItemProxy */;
		};
/* End PBXTargetDependency section */

/* Begin PBXVariantGroup section */
		8433490E23BE2B24006BD097 /* Main.storyboard */ = {
			isa = PBXVariantGroup;
			children = (
				8433490F23BE2B24006BD097 /* Base */,
			);
			name = Main.storyboard;
			sourceTree = "<group>";
		};
		8433491323BE2B27006BD097 /* LaunchScreen.storyboard */ = {
			isa = PBXVariantGroup;
			children = (
				8433491423BE2B27006BD097 /* Base */,
			);
			name = LaunchScreen.storyboard;
			sourceTree = "<group>";
		};
/* End PBXVariantGroup section */

/* Begin XCBuildConfiguration section */
		8433492D23BE2B27006BD097 /* Debug */ = {
			isa = XCBuildConfiguration;
			buildSettings = {
				ALWAYS_SEARCH_USER_PATHS = NO;
				CLANG_ANALYZER_NONNULL = YES;
				CLANG_ANALYZER_NUMBER_OBJECT_CONVERSION = YES_AGGRESSIVE;
				CLANG_CXX_LANGUAGE_STANDARD = "gnu++14";
				CLANG_CXX_LIBRARY = "libc++";
				CLANG_ENABLE_MODULES = YES;
				CLANG_ENABLE_OBJC_ARC = YES;
				CLANG_ENABLE_OBJC_WEAK = YES;
				CLANG_WARN_BLOCK_CAPTURE_AUTORELEASING = YES;
				CLANG_WARN_BOOL_CONVERSION = YES;
				CLANG_WARN_COMMA = YES;
				CLANG_WARN_CONSTANT_CONVERSION = YES;
				CLANG_WARN_DEPRECATED_OBJC_IMPLEMENTATIONS = YES;
				CLANG_WARN_DIRECT_OBJC_ISA_USAGE = YES_ERROR;
				CLANG_WARN_DOCUMENTATION_COMMENTS = YES;
				CLANG_WARN_EMPTY_BODY = YES;
				CLANG_WARN_ENUM_CONVERSION = YES;
				CLANG_WARN_INFINITE_RECURSION = YES;
				CLANG_WARN_INT_CONVERSION = YES;
				CLANG_WARN_NON_LITERAL_NULL_CONVERSION = YES;
				CLANG_WARN_OBJC_IMPLICIT_RETAIN_SELF = YES;
				CLANG_WARN_OBJC_LITERAL_CONVERSION = YES;
				CLANG_WARN_OBJC_ROOT_CLASS = YES_ERROR;
				CLANG_WARN_RANGE_LOOP_ANALYSIS = YES;
				CLANG_WARN_STRICT_PROTOTYPES = YES;
				CLANG_WARN_SUSPICIOUS_MOVE = YES;
				CLANG_WARN_UNGUARDED_AVAILABILITY = YES_AGGRESSIVE;
				CLANG_WARN_UNREACHABLE_CODE = YES;
				CLANG_WARN__DUPLICATE_METHOD_MATCH = YES;
				COPY_PHASE_STRIP = NO;
				DEBUG_INFORMATION_FORMAT = dwarf;
				ENABLE_STRICT_OBJC_MSGSEND = YES;
				ENABLE_TESTABILITY = YES;
				GCC_C_LANGUAGE_STANDARD = gnu11;
				GCC_DYNAMIC_NO_PIC = NO;
				GCC_NO_COMMON_BLOCKS = YES;
				GCC_OPTIMIZATION_LEVEL = 0;
				GCC_PREPROCESSOR_DEFINITIONS = (
					"DEBUG=1",
					"$(inherited)",
				);
				GCC_WARN_64_TO_32_BIT_CONVERSION = YES;
				GCC_WARN_ABOUT_RETURN_TYPE = YES_ERROR;
				GCC_WARN_UNDECLARED_SELECTOR = YES;
				GCC_WARN_UNINITIALIZED_AUTOS = YES_AGGRESSIVE;
				GCC_WARN_UNUSED_FUNCTION = YES;
				GCC_WARN_UNUSED_VARIABLE = YES;
				IPHONEOS_DEPLOYMENT_TARGET = 13.2;
				MTL_ENABLE_DEBUG_INFO = INCLUDE_SOURCE;
				MTL_FAST_MATH = YES;
				ONLY_ACTIVE_ARCH = YES;
				SDKROOT = iphoneos;
				SWIFT_ACTIVE_COMPILATION_CONDITIONS = DEBUG;
				SWIFT_OPTIMIZATION_LEVEL = "-Onone";
			};
			name = Debug;
		};
		8433492E23BE2B27006BD097 /* Release */ = {
			isa = XCBuildConfiguration;
			buildSettings = {
				ALWAYS_SEARCH_USER_PATHS = NO;
				CLANG_ANALYZER_NONNULL = YES;
				CLANG_ANALYZER_NUMBER_OBJECT_CONVERSION = YES_AGGRESSIVE;
				CLANG_CXX_LANGUAGE_STANDARD = "gnu++14";
				CLANG_CXX_LIBRARY = "libc++";
				CLANG_ENABLE_MODULES = YES;
				CLANG_ENABLE_OBJC_ARC = YES;
				CLANG_ENABLE_OBJC_WEAK = YES;
				CLANG_WARN_BLOCK_CAPTURE_AUTORELEASING = YES;
				CLANG_WARN_BOOL_CONVERSION = YES;
				CLANG_WARN_COMMA = YES;
				CLANG_WARN_CONSTANT_CONVERSION = YES;
				CLANG_WARN_DEPRECATED_OBJC_IMPLEMENTATIONS = YES;
				CLANG_WARN_DIRECT_OBJC_ISA_USAGE = YES_ERROR;
				CLANG_WARN_DOCUMENTATION_COMMENTS = YES;
				CLANG_WARN_EMPTY_BODY = YES;
				CLANG_WARN_ENUM_CONVERSION = YES;
				CLANG_WARN_INFINITE_RECURSION = YES;
				CLANG_WARN_INT_CONVERSION = YES;
				CLANG_WARN_NON_LITERAL_NULL_CONVERSION = YES;
				CLANG_WARN_OBJC_IMPLICIT_RETAIN_SELF = YES;
				CLANG_WARN_OBJC_LITERAL_CONVERSION = YES;
				CLANG_WARN_OBJC_ROOT_CLASS = YES_ERROR;
				CLANG_WARN_RANGE_LOOP_ANALYSIS = YES;
				CLANG_WARN_STRICT_PROTOTYPES = YES;
				CLANG_WARN_SUSPICIOUS_MOVE = YES;
				CLANG_WARN_UNGUARDED_AVAILABILITY = YES_AGGRESSIVE;
				CLANG_WARN_UNREACHABLE_CODE = YES;
				CLANG_WARN__DUPLICATE_METHOD_MATCH = YES;
				COPY_PHASE_STRIP = NO;
				DEBUG_INFORMATION_FORMAT = "dwarf-with-dsym";
				ENABLE_NS_ASSERTIONS = NO;
				ENABLE_STRICT_OBJC_MSGSEND = YES;
				GCC_C_LANGUAGE_STANDARD = gnu11;
				GCC_NO_COMMON_BLOCKS = YES;
				GCC_WARN_64_TO_32_BIT_CONVERSION = YES;
				GCC_WARN_ABOUT_RETURN_TYPE = YES_ERROR;
				GCC_WARN_UNDECLARED_SELECTOR = YES;
				GCC_WARN_UNINITIALIZED_AUTOS = YES_AGGRESSIVE;
				GCC_WARN_UNUSED_FUNCTION = YES;
				GCC_WARN_UNUSED_VARIABLE = YES;
				IPHONEOS_DEPLOYMENT_TARGET = 13.2;
				MTL_ENABLE_DEBUG_INFO = NO;
				MTL_FAST_MATH = YES;
				SDKROOT = iphoneos;
				SWIFT_COMPILATION_MODE = wholemodule;
				SWIFT_OPTIMIZATION_LEVEL = "-O";
				VALIDATE_PRODUCT = YES;
			};
			name = Release;
		};
		8433493023BE2B27006BD097 /* Debug */ = {
			isa = XCBuildConfiguration;
			buildSettings = {
				ASSETCATALOG_COMPILER_APPICON_NAME = AppIcon;
				CODE_SIGN_STYLE = Automatic;
				INFOPLIST_FILE = TravelMe/Info.plist;
				LD_RUNPATH_SEARCH_PATHS = (
					"$(inherited)",
					"@executable_path/Frameworks",
				);
				PRODUCT_BUNDLE_IDENTIFIER = com.TravelMe.TravelMe;
				PRODUCT_NAME = "$(TARGET_NAME)";
				SWIFT_VERSION = 5.0;
				TARGETED_DEVICE_FAMILY = "1,2";
			};
			name = Debug;
		};
		8433493123BE2B27006BD097 /* Release */ = {
			isa = XCBuildConfiguration;
			buildSettings = {
				ASSETCATALOG_COMPILER_APPICON_NAME = AppIcon;
				CODE_SIGN_STYLE = Automatic;
				INFOPLIST_FILE = TravelMe/Info.plist;
				LD_RUNPATH_SEARCH_PATHS = (
					"$(inherited)",
					"@executable_path/Frameworks",
				);
				PRODUCT_BUNDLE_IDENTIFIER = com.TravelMe.TravelMe;
				PRODUCT_NAME = "$(TARGET_NAME)";
				SWIFT_VERSION = 5.0;
				TARGETED_DEVICE_FAMILY = "1,2";
			};
			name = Release;
		};
		8433493323BE2B27006BD097 /* Debug */ = {
			isa = XCBuildConfiguration;
			buildSettings = {
				ALWAYS_EMBED_SWIFT_STANDARD_LIBRARIES = YES;
				BUNDLE_LOADER = "$(TEST_HOST)";
				CODE_SIGN_STYLE = Automatic;
				INFOPLIST_FILE = TravelMeTests/Info.plist;
				IPHONEOS_DEPLOYMENT_TARGET = 13.2;
				LD_RUNPATH_SEARCH_PATHS = (
					"$(inherited)",
					"@executable_path/Frameworks",
					"@loader_path/Frameworks",
				);
				PRODUCT_BUNDLE_IDENTIFIER = com.TravelMe.TravelMeTests;
				PRODUCT_NAME = "$(TARGET_NAME)";
				SWIFT_VERSION = 5.0;
				TARGETED_DEVICE_FAMILY = "1,2";
				TEST_HOST = "$(BUILT_PRODUCTS_DIR)/TravelMe.app/TravelMe";
			};
			name = Debug;
		};
		8433493423BE2B27006BD097 /* Release */ = {
			isa = XCBuildConfiguration;
			buildSettings = {
				ALWAYS_EMBED_SWIFT_STANDARD_LIBRARIES = YES;
				BUNDLE_LOADER = "$(TEST_HOST)";
				CODE_SIGN_STYLE = Automatic;
				INFOPLIST_FILE = TravelMeTests/Info.plist;
				IPHONEOS_DEPLOYMENT_TARGET = 13.2;
				LD_RUNPATH_SEARCH_PATHS = (
					"$(inherited)",
					"@executable_path/Frameworks",
					"@loader_path/Frameworks",
				);
				PRODUCT_BUNDLE_IDENTIFIER = com.TravelMe.TravelMeTests;
				PRODUCT_NAME = "$(TARGET_NAME)";
				SWIFT_VERSION = 5.0;
				TARGETED_DEVICE_FAMILY = "1,2";
				TEST_HOST = "$(BUILT_PRODUCTS_DIR)/TravelMe.app/TravelMe";
			};
			name = Release;
		};
		8433493623BE2B27006BD097 /* Debug */ = {
			isa = XCBuildConfiguration;
			buildSettings = {
				ALWAYS_EMBED_SWIFT_STANDARD_LIBRARIES = YES;
				CODE_SIGN_STYLE = Automatic;
				INFOPLIST_FILE = TravelMeUITests/Info.plist;
				LD_RUNPATH_SEARCH_PATHS = (
					"$(inherited)",
					"@executable_path/Frameworks",
					"@loader_path/Frameworks",
				);
				PRODUCT_BUNDLE_IDENTIFIER = com.TravelMe.TravelMeUITests;
				PRODUCT_NAME = "$(TARGET_NAME)";
				SWIFT_VERSION = 5.0;
				TARGETED_DEVICE_FAMILY = "1,2";
				TEST_TARGET_NAME = TravelMe;
			};
			name = Debug;
		};
		8433493723BE2B27006BD097 /* Release */ = {
			isa = XCBuildConfiguration;
			buildSettings = {
				ALWAYS_EMBED_SWIFT_STANDARD_LIBRARIES = YES;
				CODE_SIGN_STYLE = Automatic;
				INFOPLIST_FILE = TravelMeUITests/Info.plist;
				LD_RUNPATH_SEARCH_PATHS = (
					"$(inherited)",
					"@executable_path/Frameworks",
					"@loader_path/Frameworks",
				);
				PRODUCT_BUNDLE_IDENTIFIER = com.TravelMe.TravelMeUITests;
				PRODUCT_NAME = "$(TARGET_NAME)";
				SWIFT_VERSION = 5.0;
				TARGETED_DEVICE_FAMILY = "1,2";
				TEST_TARGET_NAME = TravelMe;
			};
			name = Release;
		};
/* End XCBuildConfiguration section */

/* Begin XCConfigurationList section */
		8433490023BE2B24006BD097 /* Build configuration list for PBXProject "TravelMe" */ = {
			isa = XCConfigurationList;
			buildConfigurations = (
				8433492D23BE2B27006BD097 /* Debug */,
				8433492E23BE2B27006BD097 /* Release */,
			);
			defaultConfigurationIsVisible = 0;
			defaultConfigurationName = Release;
		};
		8433492F23BE2B27006BD097 /* Build configuration list for PBXNativeTarget "TravelMe" */ = {
			isa = XCConfigurationList;
			buildConfigurations = (
				8433493023BE2B27006BD097 /* Debug */,
				8433493123BE2B27006BD097 /* Release */,
			);
			defaultConfigurationIsVisible = 0;
			defaultConfigurationName = Release;
		};
		8433493223BE2B27006BD097 /* Build configuration list for PBXNativeTarget "TravelMeTests" */ = {
			isa = XCConfigurationList;
			buildConfigurations = (
				8433493323BE2B27006BD097 /* Debug */,
				8433493423BE2B27006BD097 /* Release */,
			);
			defaultConfigurationIsVisible = 0;
			defaultConfigurationName = Release;
		};
		8433493523BE2B27006BD097 /* Build configuration list for PBXNativeTarget "TravelMeUITests" */ = {
			isa = XCConfigurationList;
			buildConfigurations = (
				8433493623BE2B27006BD097 /* Debug */,
				8433493723BE2B27006BD097 /* Release */,
			);
			defaultConfigurationIsVisible = 0;
			defaultConfigurationName = Release;
		};
/* End XCConfigurationList section */
	};
	rootObject = 843348FD23BE2B24006BD097 /* Project object */;
}
